# THIS IS AN AUTOGENERATED FILE. DO NOT EDIT THIS FILE DIRECTLY.
# yarn lockfile v1


tiki-miniapp-f2@^0.1.5:
  version "0.1.5"
  resolved "https://registry.yarnpkg.com/tiki-miniapp-f2/-/tiki-miniapp-f2-0.1.5.tgz#162e04cc68273c1cac5ab147cec418693b817342"
  integrity sha512-7Apzoe9CfyiJ1GVRVMC+3OzRaGjQ/ijjcJDOo3PaLYKecCWWMT5GrR7uChF7rFCd3X/FUi+34lI0sbdQWaXWow==
