# THIS IS AN AUTOGENERATED FILE. DO NOT EDIT THIS FILE DIRECTLY.
# yarn lockfile v1


"@tiki.vn/tini-f2@^0.2.0":
  version "0.2.0"
  resolved "https://registry.yarnpkg.com/@tiki.vn/tini-f2/-/tini-f2-0.2.0.tgz#05bcb819a9f271c150986597dfeb4e15a454e0ba"
  integrity sha512-dd22X/olXi1NiylFTLnKDWh8n1xaoOB2UPrb7USiA7eFJ1YGYvbn/MH8PanuQ6eL9cOa5H0QV06nQQB0ynhlmg==
